
Microsoft Visual Studio Solution File, Format Version 12.00
# Visual Studio 2013
VisualStudioVersion = 12.0.31101.0
MinimumVisualStudioVersion = 10.0.40219.1
Project("{FAE04EC0-301F-11D3-BF4B-00C04F79EFBC}") = "OceanWeatherToGribNetcdfDatabase", "OceanWeatherToGribNetcdfDatabase\OceanWeatherToGribNetcdfDatabase.csproj", "{13D90D3B-8110-4D80-B597-B662CFBFE283}"
EndProject
Global
	GlobalSection(SolutionConfigurationPlatforms) = preSolution
		Debug|Any CPU = Debug|Any CPU
		Release|Any CPU = Release|Any CPU
	EndGlobalSection
	GlobalSection(ProjectConfigurationPlatforms) = postSolution
		{13D90D3B-8110-4D80-B597-B662CFBFE283}.Debug|Any CPU.ActiveCfg = Debug|Any CPU
		{13D90D3B-8110-4D80-B597-B662CFBFE283}.Debug|Any CPU.Build.0 = Debug|Any CPU
		{13D90D3B-8110-4D80-B597-B662CFBFE283}.Release|Any CPU.ActiveCfg = Release|Any CPU
		{13D90D3B-8110-4D80-B597-B662CFBFE283}.Release|Any CPU.Build.0 = Release|Any CPU
	EndGlobalSection
	GlobalSection(SolutionProperties) = preSolution
		HideSolutionNode = FALSE
	EndGlobalSection
EndGlobal
